
Microsoft Visual Studio Solution File, Format Version 11.00
# Visual Studio 2010
Project("{2150E333-8FDC-42A3-9474-1A3956D46DE8}") = "Solution Items", "Solution Items", "{34EBCE2F-FE0E-4502-8E11-3B3E050EB154}"
	ProjectSection(SolutionItems) = preProject
		Local.testsettings = Local.testsettings
		Readme.txt = Readme.txt
		Solution1.vsmdi = Solution1.vsmdi
		TraceAndTestImpact.testsettings = TraceAndTestImpact.testsettings
	EndProjectSection
EndProject
Project("{FAE04EC0-301F-11D3-BF4B-00C04F79EFBC}") = "CodeTest.Tests", "Tests\CodeTest.Tests.csproj", "{810A79C4-7646-4FED-A379-BC7CFFA9E61E}"
EndProject
Project("{FAE04EC0-301F-11D3-BF4B-00C04F79EFBC}") = "CodeTest.Core", "Core\CodeTest.Core.csproj", "{E04E187B-8ED2-4FA8-B19C-96D04A7CB26B}"
EndProject
Project("{FAE04EC0-301F-11D3-BF4B-00C04F79EFBC}") = "CodeTest.ConsoleApplication", "Harness\Console\CodeTest.ConsoleApplication.csproj", "{51EBADAF-A27F-4DD4-B76B-CC074088B680}"
EndProject
Project("{FAE04EC0-301F-11D3-BF4B-00C04F79EFBC}") = "CodeTest.Web", "Harness\Web\CodeTest.Web.csproj", "{1DE26BAD-2D65-4CA8-A6C5-0D1D94607D0F}"
EndProject
Global
	GlobalSection(TestCaseManagementSettings) = postSolution
		CategoryFile = Solution1.vsmdi
	EndGlobalSection
	GlobalSection(SolutionConfigurationPlatforms) = preSolution
		Debug|Any CPU = Debug|Any CPU
		Debug|Mixed Platforms = Debug|Mixed Platforms
		Debug|x86 = Debug|x86
		Release|Any CPU = Release|Any CPU
		Release|Mixed Platforms = Release|Mixed Platforms
		Release|x86 = Release|x86
	EndGlobalSection
	GlobalSection(ProjectConfigurationPlatforms) = postSolution
		{810A79C4-7646-4FED-A379-BC7CFFA9E61E}.Debug|Any CPU.ActiveCfg = Debug|Any CPU
		{810A79C4-7646-4FED-A379-BC7CFFA9E61E}.Debug|Any CPU.Build.0 = Debug|Any CPU
		{810A79C4-7646-4FED-A379-BC7CFFA9E61E}.Debug|Mixed Platforms.ActiveCfg = Debug|Any CPU
		{810A79C4-7646-4FED-A379-BC7CFFA9E61E}.Debug|Mixed Platforms.Build.0 = Debug|Any CPU
		{810A79C4-7646-4FED-A379-BC7CFFA9E61E}.Debug|x86.ActiveCfg = Debug|Any CPU
		{810A79C4-7646-4FED-A379-BC7CFFA9E61E}.Release|Any CPU.ActiveCfg = Release|Any CPU
		{810A79C4-7646-4FED-A379-BC7CFFA9E61E}.Release|Any CPU.Build.0 = Release|Any CPU
		{810A79C4-7646-4FED-A379-BC7CFFA9E61E}.Release|Mixed Platforms.ActiveCfg = Release|Any CPU
		{810A79C4-7646-4FED-A379-BC7CFFA9E61E}.Release|Mixed Platforms.Build.0 = Release|Any CPU
		{810A79C4-7646-4FED-A379-BC7CFFA9E61E}.Release|x86.ActiveCfg = Release|Any CPU
		{E04E187B-8ED2-4FA8-B19C-96D04A7CB26B}.Debug|Any CPU.ActiveCfg = Debug|Any CPU
		{E04E187B-8ED2-4FA8-B19C-96D04A7CB26B}.Debug|Any CPU.Build.0 = Debug|Any CPU
		{E04E187B-8ED2-4FA8-B19C-96D04A7CB26B}.Debug|Mixed Platforms.ActiveCfg = Debug|Any CPU
		{E04E187B-8ED2-4FA8-B19C-96D04A7CB26B}.Debug|Mixed Platforms.Build.0 = Debug|Any CPU
		{E04E187B-8ED2-4FA8-B19C-96D04A7CB26B}.Debug|x86.ActiveCfg = Debug|Any CPU
		{E04E187B-8ED2-4FA8-B19C-96D04A7CB26B}.Release|Any CPU.ActiveCfg = Release|Any CPU
		{E04E187B-8ED2-4FA8-B19C-96D04A7CB26B}.Release|Any CPU.Build.0 = Release|Any CPU
		{E04E187B-8ED2-4FA8-B19C-96D04A7CB26B}.Release|Mixed Platforms.ActiveCfg = Release|Any CPU
		{E04E187B-8ED2-4FA8-B19C-96D04A7CB26B}.Release|Mixed Platforms.Build.0 = Release|Any CPU
		{E04E187B-8ED2-4FA8-B19C-96D04A7CB26B}.Release|x86.ActiveCfg = Release|Any CPU
		{51EBADAF-A27F-4DD4-B76B-CC074088B680}.Debug|Any CPU.ActiveCfg = Debug|x86
		{51EBADAF-A27F-4DD4-B76B-CC074088B680}.Debug|Mixed Platforms.ActiveCfg = Debug|x86
		{51EBADAF-A27F-4DD4-B76B-CC074088B680}.Debug|Mixed Platforms.Build.0 = Debug|x86
		{51EBADAF-A27F-4DD4-B76B-CC074088B680}.Debug|x86.ActiveCfg = Debug|x86
		{51EBADAF-A27F-4DD4-B76B-CC074088B680}.Debug|x86.Build.0 = Debug|x86
		{51EBADAF-A27F-4DD4-B76B-CC074088B680}.Release|Any CPU.ActiveCfg = Release|x86
		{51EBADAF-A27F-4DD4-B76B-CC074088B680}.Release|Mixed Platforms.ActiveCfg = Release|x86
		{51EBADAF-A27F-4DD4-B76B-CC074088B680}.Release|Mixed Platforms.Build.0 = Release|x86
		{51EBADAF-A27F-4DD4-B76B-CC074088B680}.Release|x86.ActiveCfg = Release|x86
		{51EBADAF-A27F-4DD4-B76B-CC074088B680}.Release|x86.Build.0 = Release|x86
		{1DE26BAD-2D65-4CA8-A6C5-0D1D94607D0F}.Debug|Any CPU.ActiveCfg = Debug|Any CPU
		{1DE26BAD-2D65-4CA8-A6C5-0D1D94607D0F}.Debug|Any CPU.Build.0 = Debug|Any CPU
		{1DE26BAD-2D65-4CA8-A6C5-0D1D94607D0F}.Debug|Mixed Platforms.ActiveCfg = Debug|Any CPU
		{1DE26BAD-2D65-4CA8-A6C5-0D1D94607D0F}.Debug|Mixed Platforms.Build.0 = Debug|Any CPU
		{1DE26BAD-2D65-4CA8-A6C5-0D1D94607D0F}.Debug|x86.ActiveCfg = Debug|Any CPU
		{1DE26BAD-2D65-4CA8-A6C5-0D1D94607D0F}.Release|Any CPU.ActiveCfg = Release|Any CPU
		{1DE26BAD-2D65-4CA8-A6C5-0D1D94607D0F}.Release|Any CPU.Build.0 = Release|Any CPU
		{1DE26BAD-2D65-4CA8-A6C5-0D1D94607D0F}.Release|Mixed Platforms.ActiveCfg = Release|Any CPU
		{1DE26BAD-2D65-4CA8-A6C5-0D1D94607D0F}.Release|Mixed Platforms.Build.0 = Release|Any CPU
		{1DE26BAD-2D65-4CA8-A6C5-0D1D94607D0F}.Release|x86.ActiveCfg = Release|Any CPU
	EndGlobalSection
	GlobalSection(SolutionProperties) = preSolution
		HideSolutionNode = FALSE
	EndGlobalSection
EndGlobal
